
Microsoft Visual Studio Solution File, Format Version 12.00
Project("{FAE04EC0-301F-11D3-BF4B-00C04F79EFBC}") = "Csharp_Avanced", "Csharp_Avanced\Csharp_Avanced.csproj", "{8CDFD7C4-74EA-497C-BDFA-4CD3FBA3A5DE}"
EndProject
Project("{FAE04EC0-301F-11D3-BF4B-00C04F79EFBC}") = "NumbersLiteral", "NumbersLiteral\NumbersLiteral.csproj", "{8272E8EB-0AAB-4162-887A-266C018B080A}"
EndProject
Project("{FAE04EC0-301F-11D3-BF4B-00C04F79EFBC}") = "NullOperator", "NullOperator\NullOperator.csproj", "{09C59F2C-C383-49C4-9EB2-9FA1CF4AD197}"
EndProject
Project("{FAE04EC0-301F-11D3-BF4B-00C04F79EFBC}") = "DescontructTuples", "DescontructTuples\DescontructTuples.csproj", "{13EC3A12-1845-41C0-B22B-A1FC07FE8798}"
EndProject
Project("{FAE04EC0-301F-11D3-BF4B-00C04F79EFBC}") = "DeconstructCustom", "DeconstructCustom\DeconstructCustom.csproj", "{72AC45F3-9AD2-4A88-89B5-2A021EE8085E}"
EndProject
Project("{FAE04EC0-301F-11D3-BF4B-00C04F79EFBC}") = "BasisPatterna", "BasisPatterna\BasisPatterna.csproj", "{37812DDD-5829-41A8-995A-ECBECF268101}"
EndProject
Project("{2150E333-8FDC-42A3-9474-1A3956D46DE8}") = "PatterMatching", "PatterMatching", "{986D7FF2-89CA-42D6-AF74-2153563BEA66}"
EndProject
Project("{FAE04EC0-301F-11D3-BF4B-00C04F79EFBC}") = "SwichExpr", "SwichExpr\SwichExpr.csproj", "{71BBF7E1-1329-4E4B-ADD7-97696D65870B}"
EndProject
Project("{2150E333-8FDC-42A3-9474-1A3956D46DE8}") = "General", "General", "{D95F1C89-5DC3-46E6-B7F5-144907119DDD}"
EndProject
Project("{FAE04EC0-301F-11D3-BF4B-00C04F79EFBC}") = "PositionalPattern", "PositionalPattern\PositionalPattern.csproj", "{F5CFB9C8-7BB7-4098-B454-3183AF1B1F5D}"
EndProject
Global
	GlobalSection(SolutionConfigurationPlatforms) = preSolution
		Debug|Any CPU = Debug|Any CPU
		Release|Any CPU = Release|Any CPU
	EndGlobalSection
	GlobalSection(ProjectConfigurationPlatforms) = postSolution
		{8CDFD7C4-74EA-497C-BDFA-4CD3FBA3A5DE}.Debug|Any CPU.ActiveCfg = Debug|Any CPU
		{8CDFD7C4-74EA-497C-BDFA-4CD3FBA3A5DE}.Debug|Any CPU.Build.0 = Debug|Any CPU
		{8CDFD7C4-74EA-497C-BDFA-4CD3FBA3A5DE}.Release|Any CPU.ActiveCfg = Release|Any CPU
		{8CDFD7C4-74EA-497C-BDFA-4CD3FBA3A5DE}.Release|Any CPU.Build.0 = Release|Any CPU
		{8272E8EB-0AAB-4162-887A-266C018B080A}.Debug|Any CPU.ActiveCfg = Debug|Any CPU
		{8272E8EB-0AAB-4162-887A-266C018B080A}.Debug|Any CPU.Build.0 = Debug|Any CPU
		{8272E8EB-0AAB-4162-887A-266C018B080A}.Release|Any CPU.ActiveCfg = Release|Any CPU
		{8272E8EB-0AAB-4162-887A-266C018B080A}.Release|Any CPU.Build.0 = Release|Any CPU
		{09C59F2C-C383-49C4-9EB2-9FA1CF4AD197}.Debug|Any CPU.ActiveCfg = Debug|Any CPU
		{09C59F2C-C383-49C4-9EB2-9FA1CF4AD197}.Debug|Any CPU.Build.0 = Debug|Any CPU
		{09C59F2C-C383-49C4-9EB2-9FA1CF4AD197}.Release|Any CPU.ActiveCfg = Release|Any CPU
		{09C59F2C-C383-49C4-9EB2-9FA1CF4AD197}.Release|Any CPU.Build.0 = Release|Any CPU
		{13EC3A12-1845-41C0-B22B-A1FC07FE8798}.Debug|Any CPU.ActiveCfg = Debug|Any CPU
		{13EC3A12-1845-41C0-B22B-A1FC07FE8798}.Debug|Any CPU.Build.0 = Debug|Any CPU
		{13EC3A12-1845-41C0-B22B-A1FC07FE8798}.Release|Any CPU.ActiveCfg = Release|Any CPU
		{13EC3A12-1845-41C0-B22B-A1FC07FE8798}.Release|Any CPU.Build.0 = Release|Any CPU
		{72AC45F3-9AD2-4A88-89B5-2A021EE8085E}.Debug|Any CPU.ActiveCfg = Debug|Any CPU
		{72AC45F3-9AD2-4A88-89B5-2A021EE8085E}.Debug|Any CPU.Build.0 = Debug|Any CPU
		{72AC45F3-9AD2-4A88-89B5-2A021EE8085E}.Release|Any CPU.ActiveCfg = Release|Any CPU
		{72AC45F3-9AD2-4A88-89B5-2A021EE8085E}.Release|Any CPU.Build.0 = Release|Any CPU
		{37812DDD-5829-41A8-995A-ECBECF268101}.Debug|Any CPU.ActiveCfg = Debug|Any CPU
		{37812DDD-5829-41A8-995A-ECBECF268101}.Debug|Any CPU.Build.0 = Debug|Any CPU
		{37812DDD-5829-41A8-995A-ECBECF268101}.Release|Any CPU.ActiveCfg = Release|Any CPU
		{37812DDD-5829-41A8-995A-ECBECF268101}.Release|Any CPU.Build.0 = Release|Any CPU
		{71BBF7E1-1329-4E4B-ADD7-97696D65870B}.Debug|Any CPU.ActiveCfg = Debug|Any CPU
		{71BBF7E1-1329-4E4B-ADD7-97696D65870B}.Debug|Any CPU.Build.0 = Debug|Any CPU
		{71BBF7E1-1329-4E4B-ADD7-97696D65870B}.Release|Any CPU.ActiveCfg = Release|Any CPU
		{71BBF7E1-1329-4E4B-ADD7-97696D65870B}.Release|Any CPU.Build.0 = Release|Any CPU
		{F5CFB9C8-7BB7-4098-B454-3183AF1B1F5D}.Debug|Any CPU.ActiveCfg = Debug|Any CPU
		{F5CFB9C8-7BB7-4098-B454-3183AF1B1F5D}.Debug|Any CPU.Build.0 = Debug|Any CPU
		{F5CFB9C8-7BB7-4098-B454-3183AF1B1F5D}.Release|Any CPU.ActiveCfg = Release|Any CPU
		{F5CFB9C8-7BB7-4098-B454-3183AF1B1F5D}.Release|Any CPU.Build.0 = Release|Any CPU
	EndGlobalSection
	GlobalSection(NestedProjects) = preSolution
		{37812DDD-5829-41A8-995A-ECBECF268101} = {986D7FF2-89CA-42D6-AF74-2153563BEA66}
		{71BBF7E1-1329-4E4B-ADD7-97696D65870B} = {986D7FF2-89CA-42D6-AF74-2153563BEA66}
		{8CDFD7C4-74EA-497C-BDFA-4CD3FBA3A5DE} = {D95F1C89-5DC3-46E6-B7F5-144907119DDD}
		{72AC45F3-9AD2-4A88-89B5-2A021EE8085E} = {D95F1C89-5DC3-46E6-B7F5-144907119DDD}
		{13EC3A12-1845-41C0-B22B-A1FC07FE8798} = {D95F1C89-5DC3-46E6-B7F5-144907119DDD}
		{09C59F2C-C383-49C4-9EB2-9FA1CF4AD197} = {D95F1C89-5DC3-46E6-B7F5-144907119DDD}
		{8272E8EB-0AAB-4162-887A-266C018B080A} = {D95F1C89-5DC3-46E6-B7F5-144907119DDD}
		{F5CFB9C8-7BB7-4098-B454-3183AF1B1F5D} = {986D7FF2-89CA-42D6-AF74-2153563BEA66}
	EndGlobalSection
EndGlobal
