
Microsoft Visual Studio Solution File, Format Version 12.00
Project("{FAE04EC0-301F-11D3-BF4B-00C04F79EFBC}") = "Csharp_Avanced", "Csharp_Avanced\Csharp_Avanced.csproj", "{8CDFD7C4-74EA-497C-BDFA-4CD3FBA3A5DE}"
EndProject
Project("{FAE04EC0-301F-11D3-BF4B-00C04F79EFBC}") = "NumbersLiteral", "NumbersLiteral\NumbersLiteral.csproj", "{8272E8EB-0AAB-4162-887A-266C018B080A}"
EndProject
Project("{FAE04EC0-301F-11D3-BF4B-00C04F79EFBC}") = "NullOperator", "NullOperator\NullOperator.csproj", "{09C59F2C-C383-49C4-9EB2-9FA1CF4AD197}"
EndProject
Project("{FAE04EC0-301F-11D3-BF4B-00C04F79EFBC}") = "DescontructTuples", "DescontructTuples\DescontructTuples.csproj", "{13EC3A12-1845-41C0-B22B-A1FC07FE8798}"
EndProject
Global
	GlobalSection(SolutionConfigurationPlatforms) = preSolution
		Debug|Any CPU = Debug|Any CPU
		Release|Any CPU = Release|Any CPU
	EndGlobalSection
	GlobalSection(ProjectConfigurationPlatforms) = postSolution
		{8CDFD7C4-74EA-497C-BDFA-4CD3FBA3A5DE}.Debug|Any CPU.ActiveCfg = Debug|Any CPU
		{8CDFD7C4-74EA-497C-BDFA-4CD3FBA3A5DE}.Debug|Any CPU.Build.0 = Debug|Any CPU
		{8CDFD7C4-74EA-497C-BDFA-4CD3FBA3A5DE}.Release|Any CPU.ActiveCfg = Release|Any CPU
		{8CDFD7C4-74EA-497C-BDFA-4CD3FBA3A5DE}.Release|Any CPU.Build.0 = Release|Any CPU
		{8272E8EB-0AAB-4162-887A-266C018B080A}.Debug|Any CPU.ActiveCfg = Debug|Any CPU
		{8272E8EB-0AAB-4162-887A-266C018B080A}.Debug|Any CPU.Build.0 = Debug|Any CPU
		{8272E8EB-0AAB-4162-887A-266C018B080A}.Release|Any CPU.ActiveCfg = Release|Any CPU
		{8272E8EB-0AAB-4162-887A-266C018B080A}.Release|Any CPU.Build.0 = Release|Any CPU
		{09C59F2C-C383-49C4-9EB2-9FA1CF4AD197}.Debug|Any CPU.ActiveCfg = Debug|Any CPU
		{09C59F2C-C383-49C4-9EB2-9FA1CF4AD197}.Debug|Any CPU.Build.0 = Debug|Any CPU
		{09C59F2C-C383-49C4-9EB2-9FA1CF4AD197}.Release|Any CPU.ActiveCfg = Release|Any CPU
		{09C59F2C-C383-49C4-9EB2-9FA1CF4AD197}.Release|Any CPU.Build.0 = Release|Any CPU
		{13EC3A12-1845-41C0-B22B-A1FC07FE8798}.Debug|Any CPU.ActiveCfg = Debug|Any CPU
		{13EC3A12-1845-41C0-B22B-A1FC07FE8798}.Debug|Any CPU.Build.0 = Debug|Any CPU
		{13EC3A12-1845-41C0-B22B-A1FC07FE8798}.Release|Any CPU.ActiveCfg = Release|Any CPU
		{13EC3A12-1845-41C0-B22B-A1FC07FE8798}.Release|Any CPU.Build.0 = Release|Any CPU
	EndGlobalSection
EndGlobal
